
Microsoft Visual Studio Solution File, Format Version 12.00
# Visual Studio Version 16
VisualStudioVersion = 16.0.32630.194
MinimumVisualStudioVersion = 10.0.40219.1
Project("{FAE04EC0-301F-11D3-BF4B-00C04F79EFBC}") = "Character Generator", "Character Generator\Character Generator.csproj", "{1A9FF1E0-046D-4821-B310-FE2B04273D4C}"
EndProject
Global
	GlobalSection(SolutionConfigurationPlatforms) = preSolution
		Debug|Any CPU = Debug|Any CPU
		Release|Any CPU = Release|Any CPU
	EndGlobalSection
	GlobalSection(ProjectConfigurationPlatforms) = postSolution
		{1A9FF1E0-046D-4821-B310-FE2B04273D4C}.Debug|Any CPU.ActiveCfg = Debug|Any CPU
		{1A9FF1E0-046D-4821-B310-FE2B04273D4C}.Debug|Any CPU.Build.0 = Debug|Any CPU
		{1A9FF1E0-046D-4821-B310-FE2B04273D4C}.Release|Any CPU.ActiveCfg = Release|Any CPU
		{1A9FF1E0-046D-4821-B310-FE2B04273D4C}.Release|Any CPU.Build.0 = Release|Any CPU
	EndGlobalSection
	GlobalSection(SolutionProperties) = preSolution
		HideSolutionNode = FALSE
	EndGlobalSection
	GlobalSection(ExtensibilityGlobals) = postSolution
		SolutionGuid = {8F48FA2E-2F39-441E-AB72-94E4FC204194}
	EndGlobalSection
EndGlobal
